
Microsoft Visual Studio Solution File, Format Version 12.00
# Visual Studio Version 16
VisualStudioVersion = 16.0.30104.148
MinimumVisualStudioVersion = 10.0.40219.1
Project("{FAE04EC0-301F-11D3-BF4B-00C04F79EFBC}") = "WebAPI.Template.API", "WebAPI.Template.API\WebAPI.Template.API.csproj", "{156D9A40-1DAA-4102-8F91-B1553E0F7304}"
EndProject
Global
	GlobalSection(SolutionConfigurationPlatforms) = preSolution
		Debug|Any CPU = Debug|Any CPU
		Release|Any CPU = Release|Any CPU
	EndGlobalSection
	GlobalSection(ProjectConfigurationPlatforms) = postSolution
		{156D9A40-1DAA-4102-8F91-B1553E0F7304}.Debug|Any CPU.ActiveCfg = Debug|Any CPU
		{156D9A40-1DAA-4102-8F91-B1553E0F7304}.Debug|Any CPU.Build.0 = Debug|Any CPU
		{156D9A40-1DAA-4102-8F91-B1553E0F7304}.Release|Any CPU.ActiveCfg = Release|Any CPU
		{156D9A40-1DAA-4102-8F91-B1553E0F7304}.Release|Any CPU.Build.0 = Release|Any CPU
	EndGlobalSection
	GlobalSection(SolutionProperties) = preSolution
		HideSolutionNode = FALSE
	EndGlobalSection
	GlobalSection(ExtensibilityGlobals) = postSolution
		SolutionGuid = {2CD08F80-6E71-4A8F-A96E-4BA3491753D0}
	EndGlobalSection
EndGlobal
